
Microsoft Visual Studio Solution File, Format Version 12.00
# Visual Studio 15
Project("{FAE04EC0-301F-11D3-BF4B-00C04F79EFBC}") = "Assembly-CSharp", "Assembly-CSharp.csproj", "{9B0AC295-87E7-6787-7387-879EC6ECDC76}"
EndProject
Project("{FAE04EC0-301F-11D3-BF4B-00C04F79EFBC}") = "Assembly-CSharp-Editor", "Assembly-CSharp-Editor.csproj", "{84561EEB-9AA9-E91A-7B58-65DFAD134430}"
EndProject
Global
	GlobalSection(SolutionConfigurationPlatforms) = preSolution
		Debug|Any CPU = Debug|Any CPU
		Release|Any CPU = Release|Any CPU
	EndGlobalSection
	GlobalSection(ProjectConfigurationPlatforms) = postSolution
		{9B0AC295-87E7-6787-7387-879EC6ECDC76}.Debug|Any CPU.ActiveCfg = Debug|Any CPU
		{9B0AC295-87E7-6787-7387-879EC6ECDC76}.Debug|Any CPU.Build.0 = Debug|Any CPU
		{9B0AC295-87E7-6787-7387-879EC6ECDC76}.Release|Any CPU.ActiveCfg = Release|Any CPU
		{9B0AC295-87E7-6787-7387-879EC6ECDC76}.Release|Any CPU.Build.0 = Release|Any CPU
		{84561EEB-9AA9-E91A-7B58-65DFAD134430}.Debug|Any CPU.ActiveCfg = Debug|Any CPU
		{84561EEB-9AA9-E91A-7B58-65DFAD134430}.Debug|Any CPU.Build.0 = Debug|Any CPU
		{84561EEB-9AA9-E91A-7B58-65DFAD134430}.Release|Any CPU.ActiveCfg = Release|Any CPU
		{84561EEB-9AA9-E91A-7B58-65DFAD134430}.Release|Any CPU.Build.0 = Release|Any CPU
	EndGlobalSection
	GlobalSection(SolutionProperties) = preSolution
		HideSolutionNode = FALSE
	EndGlobalSection
EndGlobal
